
Microsoft Visual Studio Solution File, Format Version 12.00
# Visual Studio Version 17
VisualStudioVersion = 17.7.34202.233
MinimumVisualStudioVersion = 10.0.40219.1
Project("{9A19103F-16F7-4668-BE54-9A1E7A4F7556}") = "DeltaEngine", "DeltaEngine.csproj", "{92016076-A270-4DBD-90FF-F23AD7187207}"
EndProject
Project("{2150E333-8FDC-42A3-9474-1A3956D46DE8}") = "Solution Items", "Solution Items", "{F31D7418-16B8-45C0-9D32-6FDA70FFD647}"
	ProjectSection(SolutionItems) = preProject
		.editorconfig = .editorconfig
	EndProjectSection
EndProject
Project("{9A19103F-16F7-4668-BE54-9A1E7A4F7556}") = "EngineRunner", "..\EngineRunner\EngineRunner.csproj", "{19C8AB0A-D7E8-41F5-A2EB-760C7F0DC347}"
EndProject
Global
	GlobalSection(SolutionConfigurationPlatforms) = preSolution
		Debug|Any CPU = Debug|Any CPU
		DebugPerf|Any CPU = DebugPerf|Any CPU
		Release|Any CPU = Release|Any CPU
	EndGlobalSection
	GlobalSection(ProjectConfigurationPlatforms) = postSolution
		{92016076-A270-4DBD-90FF-F23AD7187207}.Debug|Any CPU.ActiveCfg = Debug|Any CPU
		{92016076-A270-4DBD-90FF-F23AD7187207}.Debug|Any CPU.Build.0 = Debug|Any CPU
		{92016076-A270-4DBD-90FF-F23AD7187207}.DebugPerf|Any CPU.ActiveCfg = DebugPerf|Any CPU
		{92016076-A270-4DBD-90FF-F23AD7187207}.DebugPerf|Any CPU.Build.0 = DebugPerf|Any CPU
		{92016076-A270-4DBD-90FF-F23AD7187207}.Release|Any CPU.ActiveCfg = DebugPerf|Any CPU
		{92016076-A270-4DBD-90FF-F23AD7187207}.Release|Any CPU.Build.0 = DebugPerf|Any CPU
		{19C8AB0A-D7E8-41F5-A2EB-760C7F0DC347}.Debug|Any CPU.ActiveCfg = Debug|Any CPU
		{19C8AB0A-D7E8-41F5-A2EB-760C7F0DC347}.Debug|Any CPU.Build.0 = Debug|Any CPU
		{19C8AB0A-D7E8-41F5-A2EB-760C7F0DC347}.DebugPerf|Any CPU.ActiveCfg = DebugPerf|Any CPU
		{19C8AB0A-D7E8-41F5-A2EB-760C7F0DC347}.DebugPerf|Any CPU.Build.0 = DebugPerf|Any CPU
		{19C8AB0A-D7E8-41F5-A2EB-760C7F0DC347}.Release|Any CPU.ActiveCfg = Release|Any CPU
		{19C8AB0A-D7E8-41F5-A2EB-760C7F0DC347}.Release|Any CPU.Build.0 = Release|Any CPU
	EndGlobalSection
	GlobalSection(SolutionProperties) = preSolution
		HideSolutionNode = FALSE
	EndGlobalSection
	GlobalSection(ExtensibilityGlobals) = postSolution
		SolutionGuid = {D7A77FB0-276D-4A46-B01F-D48416809912}
	EndGlobalSection
EndGlobal
